
Microsoft Visual Studio Solution File, Format Version 12.00
# Visual Studio Version 16
VisualStudioVersion = 16.0.31424.327
MinimumVisualStudioVersion = 10.0.40219.1
Project("{FAE04EC0-301F-11D3-BF4B-00C04F79EFBC}") = "CopyEmbeddedFile", "CopyEmbeddedFile\CopyEmbeddedFile.csproj", "{CE66FA91-175D-4F98-992E-3251074CC644}"
EndProject
Global
	GlobalSection(SolutionConfigurationPlatforms) = preSolution
		Debug|Any CPU = Debug|Any CPU
		Release|Any CPU = Release|Any CPU
	EndGlobalSection
	GlobalSection(ProjectConfigurationPlatforms) = postSolution
		{CE66FA91-175D-4F98-992E-3251074CC644}.Debug|Any CPU.ActiveCfg = Debug|Any CPU
		{CE66FA91-175D-4F98-992E-3251074CC644}.Debug|Any CPU.Build.0 = Debug|Any CPU
		{CE66FA91-175D-4F98-992E-3251074CC644}.Release|Any CPU.ActiveCfg = Release|Any CPU
		{CE66FA91-175D-4F98-992E-3251074CC644}.Release|Any CPU.Build.0 = Release|Any CPU
	EndGlobalSection
	GlobalSection(SolutionProperties) = preSolution
		HideSolutionNode = FALSE
	EndGlobalSection
	GlobalSection(ExtensibilityGlobals) = postSolution
		SolutionGuid = {CF7B790A-0F06-4533-AFAE-347F0817563D}
	EndGlobalSection
EndGlobal
